
Microsoft Visual Studio Solution File, Format Version 12.00
# Visual Studio Version 16
VisualStudioVersion = 16.0.29613.14
MinimumVisualStudioVersion = 10.0.40219.1
Project("{FAE04EC0-301F-11D3-BF4B-00C04F79EFBC}") = "SilverOS.UI", "SilverOS.UI\SilverOS.UI.csproj", "{AEF0F246-33C0-43AD-BDB1-19A853326C84}"
EndProject
Project("{FAE04EC0-301F-11D3-BF4B-00C04F79EFBC}") = "SilverOS.Core", "SilverOS.Core\SilverOS.Core.csproj", "{7EAB1CAF-F585-4907-85EB-DA9576E1AD6B}"
EndProject
Project("{FAE04EC0-301F-11D3-BF4B-00C04F79EFBC}") = "SilverOS.IO", "SilverOS.IO\SilverOS.IO.csproj", "{929A3B3C-94C1-40FA-ACBD-5CDA1F6D20E5}"
EndProject
Global
	GlobalSection(SolutionConfigurationPlatforms) = preSolution
		Debug|Any CPU = Debug|Any CPU
		Release|Any CPU = Release|Any CPU
	EndGlobalSection
	GlobalSection(ProjectConfigurationPlatforms) = postSolution
		{AEF0F246-33C0-43AD-BDB1-19A853326C84}.Debug|Any CPU.ActiveCfg = Debug|Any CPU
		{AEF0F246-33C0-43AD-BDB1-19A853326C84}.Debug|Any CPU.Build.0 = Debug|Any CPU
		{AEF0F246-33C0-43AD-BDB1-19A853326C84}.Release|Any CPU.ActiveCfg = Release|Any CPU
		{AEF0F246-33C0-43AD-BDB1-19A853326C84}.Release|Any CPU.Build.0 = Release|Any CPU
		{7EAB1CAF-F585-4907-85EB-DA9576E1AD6B}.Debug|Any CPU.ActiveCfg = Debug|Any CPU
		{7EAB1CAF-F585-4907-85EB-DA9576E1AD6B}.Debug|Any CPU.Build.0 = Debug|Any CPU
		{7EAB1CAF-F585-4907-85EB-DA9576E1AD6B}.Release|Any CPU.ActiveCfg = Release|Any CPU
		{7EAB1CAF-F585-4907-85EB-DA9576E1AD6B}.Release|Any CPU.Build.0 = Release|Any CPU
		{929A3B3C-94C1-40FA-ACBD-5CDA1F6D20E5}.Debug|Any CPU.ActiveCfg = Debug|Any CPU
		{929A3B3C-94C1-40FA-ACBD-5CDA1F6D20E5}.Debug|Any CPU.Build.0 = Debug|Any CPU
		{929A3B3C-94C1-40FA-ACBD-5CDA1F6D20E5}.Release|Any CPU.ActiveCfg = Release|Any CPU
		{929A3B3C-94C1-40FA-ACBD-5CDA1F6D20E5}.Release|Any CPU.Build.0 = Release|Any CPU
	EndGlobalSection
	GlobalSection(SolutionProperties) = preSolution
		HideSolutionNode = FALSE
	EndGlobalSection
	GlobalSection(ExtensibilityGlobals) = postSolution
		SolutionGuid = {DBC8F3C3-AF58-4028-9274-292A6E4EC898}
	EndGlobalSection
EndGlobal
